
Microsoft Visual Studio Solution File, Format Version 12.00
# Visual Studio 2012
Project("{8BC9CEB8-8B4A-11D0-8D11-00A0C91BC942}") = "myant_open", "myant_open\myant_open.vcxproj", "{2FE26D5E-3352-445E-B8DD-581A6AA17526}"
EndProject
Global
	GlobalSection(SolutionConfigurationPlatforms) = preSolution
		Debug|Win32 = Debug|Win32
		Release|Win32 = Release|Win32
	EndGlobalSection
	GlobalSection(ProjectConfigurationPlatforms) = postSolution
		{2FE26D5E-3352-445E-B8DD-581A6AA17526}.Debug|Win32.ActiveCfg = Debug|Win32
		{2FE26D5E-3352-445E-B8DD-581A6AA17526}.Debug|Win32.Build.0 = Debug|Win32
		{2FE26D5E-3352-445E-B8DD-581A6AA17526}.Release|Win32.ActiveCfg = Release|Win32
		{2FE26D5E-3352-445E-B8DD-581A6AA17526}.Release|Win32.Build.0 = Release|Win32
	EndGlobalSection
	GlobalSection(SolutionProperties) = preSolution
		HideSolutionNode = FALSE
	EndGlobalSection
EndGlobal
